
Microsoft Visual Studio Solution File, Format Version 12.00
# Visual Studio Version 16
VisualStudioVersion = 16.0.30907.101
MinimumVisualStudioVersion = 10.0.40219.1
Project("{FAE04EC0-301F-11D3-BF4B-00C04F79EFBC}") = "WebUI", "WebUI\WebUI.csproj", "{979BD765-9843-43BF-9105-51F4835E176F}"
EndProject
Global
	GlobalSection(SolutionConfigurationPlatforms) = preSolution
		Debug|Any CPU = Debug|Any CPU
		Release|Any CPU = Release|Any CPU
	EndGlobalSection
	GlobalSection(ProjectConfigurationPlatforms) = postSolution
		{979BD765-9843-43BF-9105-51F4835E176F}.Debug|Any CPU.ActiveCfg = Debug|Any CPU
		{979BD765-9843-43BF-9105-51F4835E176F}.Debug|Any CPU.Build.0 = Debug|Any CPU
		{979BD765-9843-43BF-9105-51F4835E176F}.Release|Any CPU.ActiveCfg = Release|Any CPU
		{979BD765-9843-43BF-9105-51F4835E176F}.Release|Any CPU.Build.0 = Release|Any CPU
	EndGlobalSection
	GlobalSection(SolutionProperties) = preSolution
		HideSolutionNode = FALSE
	EndGlobalSection
	GlobalSection(ExtensibilityGlobals) = postSolution
		SolutionGuid = {EA358EAB-8376-4B34-873C-377B700F5F47}
	EndGlobalSection
EndGlobal
